// !$*UTF8*$!
{
	archiveVersion = 1;
	classes = {
	};
	objectVersion = 60;
	objects = {

/* Begin PBXBuildFile section */
		055B8BDE2C31F3420068D6F7 /* MainViewModel.swift in Sources */ = {isa = PBXBuildFile; fileRef = 055B8BDD2C31F33B0068D6F7 /* MainViewModel.swift */; };
		055B8BE02C31F4350068D6F7 /* FirstViewModel.swift in Sources */ = {isa = PBXBuildFile; fileRef = 055B8BDF2C31F4350068D6F7 /* FirstViewModel.swift */; };
		055B8BE22C31F4BB0068D6F7 /* SecondViewModel.swift in Sources */ = {isa = PBXBuildFile; fileRef = 055B8BE12C31F4BB0068D6F7 /* SecondViewModel.swift */; };
		055B8BE42C31F4FB0068D6F7 /* ThirdViewModel.swift in Sources */ = {isa = PBXBuildFile; fileRef = 055B8BE32C31F4FB0068D6F7 /* ThirdViewModel.swift */; };
		0585B5BF2C2F062D0093F9C2 /* SecondViewController.swift in Sources */ = {isa = PBXBuildFile; fileRef = 0585B5BB2C2F062D0093F9C2 /* SecondViewController.swift */; };
		0585B5C02C2F062D0093F9C2 /* SceneDelegate.swift in Sources */ = {isa = PBXBuildFile; fileRef = 0585B5B02C2F062D0093F9C2 /* SceneDelegate.swift */; };
		0585B5C12C2F062D0093F9C2 /* ThirdViewController.swift in Sources */ = {isa = PBXBuildFile; fileRef = 0585B5BC2C2F062D0093F9C2 /* ThirdViewController.swift */; };
		0585B5C22C2F062D0093F9C2 /* AppDelegate.swift in Sources */ = {isa = PBXBuildFile; fileRef = 0585B5AF2C2F062D0093F9C2 /* AppDelegate.swift */; };
		0585B5C32C2F062D0093F9C2 /* FirstViewController.swift in Sources */ = {isa = PBXBuildFile; fileRef = 0585B5B72C2F062D0093F9C2 /* FirstViewController.swift */; };
		0585B5C42C2F062D0093F9C2 /* MainViewController.swift in Sources */ = {isa = PBXBuildFile; fileRef = 0585B5BA2C2F062D0093F9C2 /* MainViewController.swift */; };
		0585B5C52C2F062D0093F9C2 /* Main.storyboard in Resources */ = {isa = PBXBuildFile; fileRef = 0585B5B92C2F062D0093F9C2 /* Main.storyboard */; };
		0585B5C72C2F062D0093F9C2 /* LaunchScreen.storyboard in Resources */ = {isa = PBXBuildFile; fileRef = 0585B5B52C2F062D0093F9C2 /* LaunchScreen.storyboard */; };
		0585B5C82C2F062D0093F9C2 /* Assets.xcassets in Resources */ = {isa = PBXBuildFile; fileRef = 0585B5B22C2F062D0093F9C2 /* Assets.xcassets */; };
		0585B5CC2C2F06B10093F9C2 /* MainViewControllerModel.swift in Sources */ = {isa = PBXBuildFile; fileRef = 0585B5CB2C2F06B10093F9C2 /* MainViewControllerModel.swift */; };
		0585B5CF2C2F076E0093F9C2 /* FirstViewControllerModel.swift in Sources */ = {isa = PBXBuildFile; fileRef = 0585B5CE2C2F076E0093F9C2 /* FirstViewControllerModel.swift */; };
		05B782352C2F63980015B2A1 /* SecondViewControllerModel.swift in Sources */ = {isa = PBXBuildFile; fileRef = 05B782342C2F63980015B2A1 /* SecondViewControllerModel.swift */; };
		05B782372C2F64990015B2A1 /* ThirdViewControllerModel.swift in Sources */ = {isa = PBXBuildFile; fileRef = 05B782362C2F64990015B2A1 /* ThirdViewControllerModel.swift */; };
/* End PBXBuildFile section */

/* Begin PBXFileReference section */
		055B8BDD2C31F33B0068D6F7 /* MainViewModel.swift */ = {isa = PBXFileReference; lastKnownFileType = sourcecode.swift; path = MainViewModel.swift; sourceTree = "<group>"; };
		055B8BDF2C31F4350068D6F7 /* FirstViewModel.swift */ = {isa = PBXFileReference; lastKnownFileType = sourcecode.swift; path = FirstViewModel.swift; sourceTree = "<group>"; };
		055B8BE12C31F4BB0068D6F7 /* SecondViewModel.swift */ = {isa = PBXFileReference; lastKnownFileType = sourcecode.swift; path = SecondViewModel.swift; sourceTree = "<group>"; };
		055B8BE32C31F4FB0068D6F7 /* ThirdViewModel.swift */ = {isa = PBXFileReference; lastKnownFileType = sourcecode.swift; path = ThirdViewModel.swift; sourceTree = "<group>"; };
		0585B5AF2C2F062D0093F9C2 /* AppDelegate.swift */ = {isa = PBXFileReference; lastKnownFileType = sourcecode.swift; path = AppDelegate.swift; sourceTree = "<group>"; };
		0585B5B02C2F062D0093F9C2 /* SceneDelegate.swift */ = {isa = PBXFileReference; lastKnownFileType = sourcecode.swift; path = SceneDelegate.swift; sourceTree = "<group>"; };
		0585B5B22C2F062D0093F9C2 /* Assets.xcassets */ = {isa = PBXFileReference; lastKnownFileType = folder.assetcatalog; path = Assets.xcassets; sourceTree = "<group>"; };
		0585B5B32C2F062D0093F9C2 /* Info.plist */ = {isa = PBXFileReference; lastKnownFileType = text.plist.xml; path = Info.plist; sourceTree = "<group>"; };
		0585B5B42C2F062D0093F9C2 /* Base */ = {isa = PBXFileReference; lastKnownFileType = file.storyboard; name = Base; path = Base.lproj/LaunchScreen.storyboard; sourceTree = "<group>"; };
		0585B5B72C2F062D0093F9C2 /* FirstViewController.swift */ = {isa = PBXFileReference; lastKnownFileType = sourcecode.swift; path = FirstViewController.swift; sourceTree = "<group>"; };
		0585B5B82C2F062D0093F9C2 /* Base */ = {isa = PBXFileReference; lastKnownFileType = file.storyboard; name = Base; path = Base.lproj/Main.storyboard; sourceTree = "<group>"; };
		0585B5BA2C2F062D0093F9C2 /* MainViewController.swift */ = {isa = PBXFileReference; lastKnownFileType = sourcecode.swift; path = MainViewController.swift; sourceTree = "<group>"; };
		0585B5BB2C2F062D0093F9C2 /* SecondViewController.swift */ = {isa = PBXFileReference; lastKnownFileType = sourcecode.swift; path = SecondViewController.swift; sourceTree = "<group>"; };
		0585B5BC2C2F062D0093F9C2 /* ThirdViewController.swift */ = {isa = PBXFileReference; lastKnownFileType = sourcecode.swift; path = ThirdViewController.swift; sourceTree = "<group>"; };
		0585B5CB2C2F06B10093F9C2 /* MainViewControllerModel.swift */ = {isa = PBXFileReference; lastKnownFileType = sourcecode.swift; path = MainViewControllerModel.swift; sourceTree = "<group>"; };
		0585B5CE2C2F076E0093F9C2 /* FirstViewControllerModel.swift */ = {isa = PBXFileReference; lastKnownFileType = sourcecode.swift; path = FirstViewControllerModel.swift; sourceTree = "<group>"; };
		05B782342C2F63980015B2A1 /* SecondViewControllerModel.swift */ = {isa = PBXFileReference; lastKnownFileType = sourcecode.swift; path = SecondViewControllerModel.swift; sourceTree = "<group>"; };
		05B782362C2F64990015B2A1 /* ThirdViewControllerModel.swift */ = {isa = PBXFileReference; lastKnownFileType = sourcecode.swift; path = ThirdViewControllerModel.swift; sourceTree = "<group>"; };
		05CA74832C2ED9860005D99B /* design_pattern_MVVM.app */ = {isa = PBXFileReference; explicitFileType = wrapper.application; includeInIndex = 0; path = design_pattern_MVVM.app; sourceTree = BUILT_PRODUCTS_DIR; };
/* End PBXFileReference section */

/* Begin PBXFrameworksBuildPhase section */
		05CA74802C2ED9860005D99B /* Frameworks */ = {
			isa = PBXFrameworksBuildPhase;
			buildActionMask = 2147483647;
			files = (
			);
			runOnlyForDeploymentPostprocessing = 0;
		};
/* End PBXFrameworksBuildPhase section */

/* Begin PBXGroup section */
		0585B5B12C2F062D0093F9C2 /* AppLifecycle */ = {
			isa = PBXGroup;
			children = (
				0585B5AF2C2F062D0093F9C2 /* AppDelegate.swift */,
				0585B5B02C2F062D0093F9C2 /* SceneDelegate.swift */,
			);
			path = AppLifecycle;
			sourceTree = "<group>";
		};
		0585B5B62C2F062D0093F9C2 /* Resources */ = {
			isa = PBXGroup;
			children = (
				0585B5B22C2F062D0093F9C2 /* Assets.xcassets */,
				0585B5B32C2F062D0093F9C2 /* Info.plist */,
				0585B5B52C2F062D0093F9C2 /* LaunchScreen.storyboard */,
			);
			path = Resources;
			sourceTree = "<group>";
		};
		0585B5BD2C2F062D0093F9C2 /* ViewControllers */ = {
			isa = PBXGroup;
			children = (
				0585B5C92C2F068B0093F9C2 /* Main */,
				0585B5CD2C2F075A0093F9C2 /* First */,
				05B782322C2F63700015B2A1 /* Second */,
				05B782332C2F63770015B2A1 /* Third */,
				0585B5B92C2F062D0093F9C2 /* Main.storyboard */,
			);
			path = ViewControllers;
			sourceTree = "<group>";
		};
		0585B5BE2C2F062D0093F9C2 /* design_pattern_MVVM */ = {
			isa = PBXGroup;
			children = (
				0585B5B12C2F062D0093F9C2 /* AppLifecycle */,
				0585B5B62C2F062D0093F9C2 /* Resources */,
				0585B5BD2C2F062D0093F9C2 /* ViewControllers */,
			);
			path = design_pattern_MVVM;
			sourceTree = "<group>";
		};
		0585B5C92C2F068B0093F9C2 /* Main */ = {
			isa = PBXGroup;
			children = (
				0585B5BA2C2F062D0093F9C2 /* MainViewController.swift */,
				0585B5CB2C2F06B10093F9C2 /* MainViewControllerModel.swift */,
				055B8BDD2C31F33B0068D6F7 /* MainViewModel.swift */,
			);
			path = Main;
			sourceTree = "<group>";
		};
		0585B5CD2C2F075A0093F9C2 /* First */ = {
			isa = PBXGroup;
			children = (
				055B8BDF2C31F4350068D6F7 /* FirstViewModel.swift */,
				0585B5B72C2F062D0093F9C2 /* FirstViewController.swift */,
				0585B5CE2C2F076E0093F9C2 /* FirstViewControllerModel.swift */,
			);
			path = First;
			sourceTree = "<group>";
		};
		05B782322C2F63700015B2A1 /* Second */ = {
			isa = PBXGroup;
			children = (
				055B8BE12C31F4BB0068D6F7 /* SecondViewModel.swift */,
				0585B5BB2C2F062D0093F9C2 /* SecondViewController.swift */,
				05B782342C2F63980015B2A1 /* SecondViewControllerModel.swift */,
			);
			path = Second;
			sourceTree = "<group>";
		};
		05B782332C2F63770015B2A1 /* Third */ = {
			isa = PBXGroup;
			children = (
				055B8BE32C31F4FB0068D6F7 /* ThirdViewModel.swift */,
				0585B5BC2C2F062D0093F9C2 /* ThirdViewController.swift */,
				05B782362C2F64990015B2A1 /* ThirdViewControllerModel.swift */,
			);
			path = Third;
			sourceTree = "<group>";
		};
		05CA747A2C2ED9860005D99B = {
			isa = PBXGroup;
			children = (
				0585B5BE2C2F062D0093F9C2 /* design_pattern_MVVM */,
				05CA74842C2ED9860005D99B /* Products */,
			);
			sourceTree = "<group>";
		};
		05CA74842C2ED9860005D99B /* Products */ = {
			isa = PBXGroup;
			children = (
				05CA74832C2ED9860005D99B /* design_pattern_MVVM.app */,
			);
			name = Products;
			sourceTree = "<group>";
		};
/* End PBXGroup section */

/* Begin PBXNativeTarget section */
		05CA74822C2ED9860005D99B /* design_pattern_MVVM */ = {
			isa = PBXNativeTarget;
			buildConfigurationList = 05CA74972C2ED9890005D99B /* Build configuration list for PBXNativeTarget "design_pattern_MVVM" */;
			buildPhases = (
				05CA747F2C2ED9860005D99B /* Sources */,
				05CA74802C2ED9860005D99B /* Frameworks */,
				05CA74812C2ED9860005D99B /* Resources */,
			);
			buildRules = (
			);
			dependencies = (
			);
			name = design_pattern_MVVM;
			productName = design_pattern_MVC;
			productReference = 05CA74832C2ED9860005D99B /* design_pattern_MVVM.app */;
			productType = "com.apple.product-type.application";
		};
/* End PBXNativeTarget section */

/* Begin PBXProject section */
		05CA747B2C2ED9860005D99B /* Project object */ = {
			isa = PBXProject;
			attributes = {
				BuildIndependentTargetsInParallel = 1;
				LastSwiftUpdateCheck = 1600;
				LastUpgradeCheck = 1600;
				TargetAttributes = {
					05CA74822C2ED9860005D99B = {
						CreatedOnToolsVersion = 16.0;
					};
				};
			};
			buildConfigurationList = 05CA747E2C2ED9860005D99B /* Build configuration list for PBXProject "design_pattern_MVVM" */;
			compatibilityVersion = "Xcode 15.0";
			developmentRegion = en;
			hasScannedForEncodings = 0;
			knownRegions = (
				en,
				Base,
			);
			mainGroup = 05CA747A2C2ED9860005D99B;
			productRefGroup = 05CA74842C2ED9860005D99B /* Products */;
			projectDirPath = "";
			projectRoot = "";
			targets = (
				05CA74822C2ED9860005D99B /* design_pattern_MVVM */,
			);
		};
/* End PBXProject section */

/* Begin PBXResourcesBuildPhase section */
		05CA74812C2ED9860005D99B /* Resources */ = {
			isa = PBXResourcesBuildPhase;
			buildActionMask = 2147483647;
			files = (
				0585B5C52C2F062D0093F9C2 /* Main.storyboard in Resources */,
				0585B5C72C2F062D0093F9C2 /* LaunchScreen.storyboard in Resources */,
				0585B5C82C2F062D0093F9C2 /* Assets.xcassets in Resources */,
			);
			runOnlyForDeploymentPostprocessing = 0;
		};
/* End PBXResourcesBuildPhase section */

/* Begin PBXSourcesBuildPhase section */
		05CA747F2C2ED9860005D99B /* Sources */ = {
			isa = PBXSourcesBuildPhase;
			buildActionMask = 2147483647;
			files = (
				0585B5BF2C2F062D0093F9C2 /* SecondViewController.swift in Sources */,
				0585B5CF2C2F076E0093F9C2 /* FirstViewControllerModel.swift in Sources */,
				0585B5CC2C2F06B10093F9C2 /* MainViewControllerModel.swift in Sources */,
				05B782352C2F63980015B2A1 /* SecondViewControllerModel.swift in Sources */,
				0585B5C02C2F062D0093F9C2 /* SceneDelegate.swift in Sources */,
				0585B5C12C2F062D0093F9C2 /* ThirdViewController.swift in Sources */,
				055B8BE22C31F4BB0068D6F7 /* SecondViewModel.swift in Sources */,
				0585B5C22C2F062D0093F9C2 /* AppDelegate.swift in Sources */,
				055B8BE02C31F4350068D6F7 /* FirstViewModel.swift in Sources */,
				0585B5C32C2F062D0093F9C2 /* FirstViewController.swift in Sources */,
				055B8BE42C31F4FB0068D6F7 /* ThirdViewModel.swift in Sources */,
				05B782372C2F64990015B2A1 /* ThirdViewControllerModel.swift in Sources */,
				0585B5C42C2F062D0093F9C2 /* MainViewController.swift in Sources */,
				055B8BDE2C31F3420068D6F7 /* MainViewModel.swift in Sources */,
			);
			runOnlyForDeploymentPostprocessing = 0;
		};
/* End PBXSourcesBuildPhase section */

/* Begin PBXVariantGroup section */
		0585B5B52C2F062D0093F9C2 /* LaunchScreen.storyboard */ = {
			isa = PBXVariantGroup;
			children = (
				0585B5B42C2F062D0093F9C2 /* Base */,
			);
			name = LaunchScreen.storyboard;
			sourceTree = "<group>";
		};
		0585B5B92C2F062D0093F9C2 /* Main.storyboard */ = {
			isa = PBXVariantGroup;
			children = (
				0585B5B82C2F062D0093F9C2 /* Base */,
			);
			name = Main.storyboard;
			sourceTree = "<group>";
		};
/* End PBXVariantGroup section */

/* Begin XCBuildConfiguration section */
		05CA74952C2ED9890005D99B /* Debug */ = {
			isa = XCBuildConfiguration;
			buildSettings = {
				ALWAYS_SEARCH_USER_PATHS = NO;
				ASSETCATALOG_COMPILER_GENERATE_SWIFT_ASSET_SYMBOL_EXTENSIONS = YES;
				CLANG_ANALYZER_NONNULL = YES;
				CLANG_ANALYZER_NUMBER_OBJECT_CONVERSION = YES_AGGRESSIVE;
				CLANG_CXX_LANGUAGE_STANDARD = "gnu++20";
				CLANG_ENABLE_MODULES = YES;
				CLANG_ENABLE_OBJC_ARC = YES;
				CLANG_ENABLE_OBJC_WEAK = YES;
				CLANG_WARN_BLOCK_CAPTURE_AUTORELEASING = YES;
				CLANG_WARN_BOOL_CONVERSION = YES;
				CLANG_WARN_COMMA = YES;
				CLANG_WARN_CONSTANT_CONVERSION = YES;
				CLANG_WARN_DEPRECATED_OBJC_IMPLEMENTATIONS = YES;
				CLANG_WARN_DIRECT_OBJC_ISA_USAGE = YES_ERROR;
				CLANG_WARN_DOCUMENTATION_COMMENTS = YES;
				CLANG_WARN_EMPTY_BODY = YES;
				CLANG_WARN_ENUM_CONVERSION = YES;
				CLANG_WARN_INFINITE_RECURSION = YES;
				CLANG_WARN_INT_CONVERSION = YES;
				CLANG_WARN_NON_LITERAL_NULL_CONVERSION = YES;
				CLANG_WARN_OBJC_IMPLICIT_RETAIN_SELF = YES;
				CLANG_WARN_OBJC_LITERAL_CONVERSION = YES;
				CLANG_WARN_OBJC_ROOT_CLASS = YES_ERROR;
				CLANG_WARN_QUOTED_INCLUDE_IN_FRAMEWORK_HEADER = YES;
				CLANG_WARN_RANGE_LOOP_ANALYSIS = YES;
				CLANG_WARN_STRICT_PROTOTYPES = YES;
				CLANG_WARN_SUSPICIOUS_MOVE = YES;
				CLANG_WARN_UNGUARDED_AVAILABILITY = YES_AGGRESSIVE;
				CLANG_WARN_UNREACHABLE_CODE = YES;
				CLANG_WARN__DUPLICATE_METHOD_MATCH = YES;
				COPY_PHASE_STRIP = NO;
				DEBUG_INFORMATION_FORMAT = dwarf;
				ENABLE_STRICT_OBJC_MSGSEND = YES;
				ENABLE_TESTABILITY = YES;
				ENABLE_USER_SCRIPT_SANDBOXING = YES;
				GCC_C_LANGUAGE_STANDARD = gnu17;
				GCC_DYNAMIC_NO_PIC = NO;
				GCC_NO_COMMON_BLOCKS = YES;
				GCC_OPTIMIZATION_LEVEL = 0;
				GCC_PREPROCESSOR_DEFINITIONS = (
					"DEBUG=1",
					"$(inherited)",
				);
				GCC_WARN_64_TO_32_BIT_CONVERSION = YES;
				GCC_WARN_ABOUT_RETURN_TYPE = YES_ERROR;
				GCC_WARN_UNDECLARED_SELECTOR = YES;
				GCC_WARN_UNINITIALIZED_AUTOS = YES_AGGRESSIVE;
				GCC_WARN_UNUSED_FUNCTION = YES;
				GCC_WARN_UNUSED_VARIABLE = YES;
				IPHONEOS_DEPLOYMENT_TARGET = 18.0;
				LOCALIZATION_PREFERS_STRING_CATALOGS = YES;
				MTL_ENABLE_DEBUG_INFO = INCLUDE_SOURCE;
				MTL_FAST_MATH = YES;
				ONLY_ACTIVE_ARCH = YES;
				SDKROOT = iphoneos;
				SWIFT_ACTIVE_COMPILATION_CONDITIONS = "DEBUG $(inherited)";
				SWIFT_OPTIMIZATION_LEVEL = "-Onone";
			};
			name = Debug;
		};
		05CA74962C2ED9890005D99B /* Release */ = {
			isa = XCBuildConfiguration;
			buildSettings = {
				ALWAYS_SEARCH_USER_PATHS = NO;
				ASSETCATALOG_COMPILER_GENERATE_SWIFT_ASSET_SYMBOL_EXTENSIONS = YES;
				CLANG_ANALYZER_NONNULL = YES;
				CLANG_ANALYZER_NUMBER_OBJECT_CONVERSION = YES_AGGRESSIVE;
				CLANG_CXX_LANGUAGE_STANDARD = "gnu++20";
				CLANG_ENABLE_MODULES = YES;
				CLANG_ENABLE_OBJC_ARC = YES;
				CLANG_ENABLE_OBJC_WEAK = YES;
				CLANG_WARN_BLOCK_CAPTURE_AUTORELEASING = YES;
				CLANG_WARN_BOOL_CONVERSION = YES;
				CLANG_WARN_COMMA = YES;
				CLANG_WARN_CONSTANT_CONVERSION = YES;
				CLANG_WARN_DEPRECATED_OBJC_IMPLEMENTATIONS = YES;
				CLANG_WARN_DIRECT_OBJC_ISA_USAGE = YES_ERROR;
				CLANG_WARN_DOCUMENTATION_COMMENTS = YES;
				CLANG_WARN_EMPTY_BODY = YES;
				CLANG_WARN_ENUM_CONVERSION = YES;
				CLANG_WARN_INFINITE_RECURSION = YES;
				CLANG_WARN_INT_CONVERSION = YES;
				CLANG_WARN_NON_LITERAL_NULL_CONVERSION = YES;
				CLANG_WARN_OBJC_IMPLICIT_RETAIN_SELF = YES;
				CLANG_WARN_OBJC_LITERAL_CONVERSION = YES;
				CLANG_WARN_OBJC_ROOT_CLASS = YES_ERROR;
				CLANG_WARN_QUOTED_INCLUDE_IN_FRAMEWORK_HEADER = YES;
				CLANG_WARN_RANGE_LOOP_ANALYSIS = YES;
				CLANG_WARN_STRICT_PROTOTYPES = YES;
				CLANG_WARN_SUSPICIOUS_MOVE = YES;
				CLANG_WARN_UNGUARDED_AVAILABILITY = YES_AGGRESSIVE;
				CLANG_WARN_UNREACHABLE_CODE = YES;
				CLANG_WARN__DUPLICATE_METHOD_MATCH = YES;
				COPY_PHASE_STRIP = NO;
				DEBUG_INFORMATION_FORMAT = "dwarf-with-dsym";
				ENABLE_NS_ASSERTIONS = NO;
				ENABLE_STRICT_OBJC_MSGSEND = YES;
				ENABLE_USER_SCRIPT_SANDBOXING = YES;
				GCC_C_LANGUAGE_STANDARD = gnu17;
				GCC_NO_COMMON_BLOCKS = YES;
				GCC_WARN_64_TO_32_BIT_CONVERSION = YES;
				GCC_WARN_ABOUT_RETURN_TYPE = YES_ERROR;
				GCC_WARN_UNDECLARED_SELECTOR = YES;
				GCC_WARN_UNINITIALIZED_AUTOS = YES_AGGRESSIVE;
				GCC_WARN_UNUSED_FUNCTION = YES;
				GCC_WARN_UNUSED_VARIABLE = YES;
				IPHONEOS_DEPLOYMENT_TARGET = 18.0;
				LOCALIZATION_PREFERS_STRING_CATALOGS = YES;
				MTL_ENABLE_DEBUG_INFO = NO;
				MTL_FAST_MATH = YES;
				SDKROOT = iphoneos;
				SWIFT_COMPILATION_MODE = wholemodule;
				VALIDATE_PRODUCT = YES;
			};
			name = Release;
		};
		05CA74982C2ED9890005D99B /* Debug */ = {
			isa = XCBuildConfiguration;
			buildSettings = {
				ASSETCATALOG_COMPILER_APPICON_NAME = AppIcon;
				ASSETCATALOG_COMPILER_GLOBAL_ACCENT_COLOR_NAME = AccentColor;
				CODE_SIGN_STYLE = Automatic;
				CURRENT_PROJECT_VERSION = 1;
				GENERATE_INFOPLIST_FILE = YES;
				INFOPLIST_FILE = design_pattern_MVVM/Resources/Info.plist;
				INFOPLIST_KEY_UIApplicationSupportsIndirectInputEvents = YES;
				INFOPLIST_KEY_UILaunchStoryboardName = LaunchScreen;
				INFOPLIST_KEY_UIMainStoryboardFile = Main;
				INFOPLIST_KEY_UISupportedInterfaceOrientations_iPad = "UIInterfaceOrientationPortrait UIInterfaceOrientationPortraitUpsideDown UIInterfaceOrientationLandscapeLeft UIInterfaceOrientationLandscapeRight";
				INFOPLIST_KEY_UISupportedInterfaceOrientations_iPhone = "UIInterfaceOrientationPortrait UIInterfaceOrientationLandscapeLeft UIInterfaceOrientationLandscapeRight";
				LD_RUNPATH_SEARCH_PATHS = (
					"$(inherited)",
					"@executable_path/Frameworks",
				);
				MARKETING_VERSION = 1.0;
				PRODUCT_BUNDLE_IDENTIFIER = "com.retepv.design-pattern-MVVM";
				PRODUCT_NAME = "$(TARGET_NAME)";
				SWIFT_EMIT_LOC_STRINGS = YES;
				SWIFT_VERSION = 5.0;
				TARGETED_DEVICE_FAMILY = "1,2";
			};
			name = Debug;
		};
		05CA74992C2ED9890005D99B /* Release */ = {
			isa = XCBuildConfiguration;
			buildSettings = {
				ASSETCATALOG_COMPILER_APPICON_NAME = AppIcon;
				ASSETCATALOG_COMPILER_GLOBAL_ACCENT_COLOR_NAME = AccentColor;
				CODE_SIGN_STYLE = Automatic;
				CURRENT_PROJECT_VERSION = 1;
				GENERATE_INFOPLIST_FILE = YES;
				INFOPLIST_FILE = design_pattern_MVVM/Resources/Info.plist;
				INFOPLIST_KEY_UIApplicationSupportsIndirectInputEvents = YES;
				INFOPLIST_KEY_UILaunchStoryboardName = LaunchScreen;
				INFOPLIST_KEY_UIMainStoryboardFile = Main;
				INFOPLIST_KEY_UISupportedInterfaceOrientations_iPad = "UIInterfaceOrientationPortrait UIInterfaceOrientationPortraitUpsideDown UIInterfaceOrientationLandscapeLeft UIInterfaceOrientationLandscapeRight";
				INFOPLIST_KEY_UISupportedInterfaceOrientations_iPhone = "UIInterfaceOrientationPortrait UIInterfaceOrientationLandscapeLeft UIInterfaceOrientationLandscapeRight";
				LD_RUNPATH_SEARCH_PATHS = (
					"$(inherited)",
					"@executable_path/Frameworks",
				);
				MARKETING_VERSION = 1.0;
				PRODUCT_BUNDLE_IDENTIFIER = "com.retepv.design-pattern-MVVM";
				PRODUCT_NAME = "$(TARGET_NAME)";
				SWIFT_EMIT_LOC_STRINGS = YES;
				SWIFT_VERSION = 5.0;
				TARGETED_DEVICE_FAMILY = "1,2";
			};
			name = Release;
		};
/* End XCBuildConfiguration section */

/* Begin XCConfigurationList section */
		05CA747E2C2ED9860005D99B /* Build configuration list for PBXProject "design_pattern_MVVM" */ = {
			isa = XCConfigurationList;
			buildConfigurations = (
				05CA74952C2ED9890005D99B /* Debug */,
				05CA74962C2ED9890005D99B /* Release */,
			);
			defaultConfigurationIsVisible = 0;
			defaultConfigurationName = Release;
		};
		05CA74972C2ED9890005D99B /* Build configuration list for PBXNativeTarget "design_pattern_MVVM" */ = {
			isa = XCConfigurationList;
			buildConfigurations = (
				05CA74982C2ED9890005D99B /* Debug */,
				05CA74992C2ED9890005D99B /* Release */,
			);
			defaultConfigurationIsVisible = 0;
			defaultConfigurationName = Release;
		};
/* End XCConfigurationList section */
	};
	rootObject = 05CA747B2C2ED9860005D99B /* Project object */;
}
